
Microsoft Visual Studio Solution File, Format Version 12.00
# Visual Studio 14
VisualStudioVersion = 14.0.23107.0
MinimumVisualStudioVersion = 10.0.40219.1
Project("{FAE04EC0-301F-11D3-BF4B-00C04F79EFBC}") = "windows-console-app", "windows-console-app\windows-console-app.csproj", "{68A8559D-2C89-4909-9BCC-15067D83CD48}"
EndProject
Global
	GlobalSection(SolutionConfigurationPlatforms) = preSolution
		Debug|Any CPU = Debug|Any CPU
		Release|Any CPU = Release|Any CPU
	EndGlobalSection
	GlobalSection(ProjectConfigurationPlatforms) = postSolution
		{68A8559D-2C89-4909-9BCC-15067D83CD48}.Debug|Any CPU.ActiveCfg = Debug|Any CPU
		{68A8559D-2C89-4909-9BCC-15067D83CD48}.Debug|Any CPU.Build.0 = Debug|Any CPU
		{68A8559D-2C89-4909-9BCC-15067D83CD48}.Release|Any CPU.ActiveCfg = Release|Any CPU
		{68A8559D-2C89-4909-9BCC-15067D83CD48}.Release|Any CPU.Build.0 = Release|Any CPU
	EndGlobalSection
	GlobalSection(SolutionProperties) = preSolution
		HideSolutionNode = FALSE
	EndGlobalSection
EndGlobal
